
Microsoft Visual Studio Solution File, Format Version 12.00
# Visual Studio Version 16
VisualStudioVersion = 16.0.31205.134
MinimumVisualStudioVersion = 10.0.40219.1
Project("{2150E333-8FDC-42A3-9474-1A3956D46DE8}") = "Microservices", "Microservices", "{5A0A2874-46B9-4141-BE91-13EFD7FAC40E}"
EndProject
Project("{2150E333-8FDC-42A3-9474-1A3956D46DE8}") = "Domain", "Domain", "{B6A24027-BBEF-4246-99FC-721EF90F19E7}"
EndProject
Project("{2150E333-8FDC-42A3-9474-1A3956D46DE8}") = "Infra.Bus", "Infra.Bus", "{345408B3-9D8A-472C-A196-2A25DB42014F}"
EndProject
Project("{2150E333-8FDC-42A3-9474-1A3956D46DE8}") = "Infra.IoC", "Infra.IoC", "{48D0C6D7-977A-48CB-B303-3BEDF7F6F966}"
EndProject
Project("{2150E333-8FDC-42A3-9474-1A3956D46DE8}") = "Presentation", "Presentation", "{949BAB98-7A4A-41B7-BDB2-6E92FBD44E28}"
EndProject
Project("{9A19103F-16F7-4668-BE54-9A1E7A4F7556}") = "MicroRabbit.Domain.Core", "MicroRabbit.Domain.Core\MicroRabbit.Domain.Core.csproj", "{8547C9A9-35A3-4339-A1A5-7D5F7C611036}"
EndProject
Project("{9A19103F-16F7-4668-BE54-9A1E7A4F7556}") = "MicroRabbit.Infra.Bus", "MicroRabbit.Infra.Bus\MicroRabbit.Infra.Bus.csproj", "{EF121AF2-90F8-45F3-AC57-A2B7EAAF4138}"
EndProject
Project("{FAE04EC0-301F-11D3-BF4B-00C04F79EFBC}") = "MicroRabbit.Infra.IoC", "MicroRabbit.Infra.IoC\MicroRabbit.Infra.IoC.csproj", "{088B1A81-0A38-47E2-B061-574E716DC5D8}"
EndProject
Project("{2150E333-8FDC-42A3-9474-1A3956D46DE8}") = "Banking", "Banking", "{5EDB4310-AA37-4B29-9B1A-2EB6E5628DE8}"
EndProject
Project("{2150E333-8FDC-42A3-9474-1A3956D46DE8}") = "Api", "Api", "{0EFFD11C-D2F9-4930-8415-C386B143CE90}"
EndProject
Project("{2150E333-8FDC-42A3-9474-1A3956D46DE8}") = "Domain", "Domain", "{B63D3069-6995-4B78-BEDE-E648902B244F}"
EndProject
Project("{2150E333-8FDC-42A3-9474-1A3956D46DE8}") = "Application", "Application", "{DCB08252-081E-4961-92B0-C8E46F444AF7}"
EndProject
Project("{2150E333-8FDC-42A3-9474-1A3956D46DE8}") = "Data", "Data", "{0E424FDB-7AFF-4B43-9C42-56D06D96B811}"
EndProject
Project("{FAE04EC0-301F-11D3-BF4B-00C04F79EFBC}") = "MicroRabbit.Banking.Api", "MicroRabbit.Banking.Api\MicroRabbit.Banking.Api.csproj", "{9E183FF0-0866-4C9D-A692-3E5EFE255C4E}"
EndProject
Project("{FAE04EC0-301F-11D3-BF4B-00C04F79EFBC}") = "MicroRabbit.Banking.Application", "MicroRabbit.Banking.Application\MicroRabbit.Banking.Application.csproj", "{6CF9F903-6258-4FC9-8E00-A0729AA8C5E6}"
EndProject
Project("{FAE04EC0-301F-11D3-BF4B-00C04F79EFBC}") = "MicroRabbit.Banking.Data", "MicroRabbit.Banking.Data\MicroRabbit.Banking.Data.csproj", "{39143246-38E0-47E3-B2EF-16AFB0625D35}"
EndProject
Project("{FAE04EC0-301F-11D3-BF4B-00C04F79EFBC}") = "MicroRabbit.Banking.Domain", "MicroRabbit.Banking.Domain\MicroRabbit.Banking.Domain.csproj", "{62CF5873-EC28-4F3D-AB29-776534F060EB}"
EndProject
Global
	GlobalSection(SolutionConfigurationPlatforms) = preSolution
		Debug|Any CPU = Debug|Any CPU
		Release|Any CPU = Release|Any CPU
	EndGlobalSection
	GlobalSection(ProjectConfigurationPlatforms) = postSolution
		{8547C9A9-35A3-4339-A1A5-7D5F7C611036}.Debug|Any CPU.ActiveCfg = Debug|Any CPU
		{8547C9A9-35A3-4339-A1A5-7D5F7C611036}.Debug|Any CPU.Build.0 = Debug|Any CPU
		{8547C9A9-35A3-4339-A1A5-7D5F7C611036}.Release|Any CPU.ActiveCfg = Release|Any CPU
		{8547C9A9-35A3-4339-A1A5-7D5F7C611036}.Release|Any CPU.Build.0 = Release|Any CPU
		{EF121AF2-90F8-45F3-AC57-A2B7EAAF4138}.Debug|Any CPU.ActiveCfg = Debug|Any CPU
		{EF121AF2-90F8-45F3-AC57-A2B7EAAF4138}.Debug|Any CPU.Build.0 = Debug|Any CPU
		{EF121AF2-90F8-45F3-AC57-A2B7EAAF4138}.Release|Any CPU.ActiveCfg = Release|Any CPU
		{EF121AF2-90F8-45F3-AC57-A2B7EAAF4138}.Release|Any CPU.Build.0 = Release|Any CPU
		{088B1A81-0A38-47E2-B061-574E716DC5D8}.Debug|Any CPU.ActiveCfg = Debug|Any CPU
		{088B1A81-0A38-47E2-B061-574E716DC5D8}.Debug|Any CPU.Build.0 = Debug|Any CPU
		{088B1A81-0A38-47E2-B061-574E716DC5D8}.Release|Any CPU.ActiveCfg = Release|Any CPU
		{088B1A81-0A38-47E2-B061-574E716DC5D8}.Release|Any CPU.Build.0 = Release|Any CPU
		{9E183FF0-0866-4C9D-A692-3E5EFE255C4E}.Debug|Any CPU.ActiveCfg = Debug|Any CPU
		{9E183FF0-0866-4C9D-A692-3E5EFE255C4E}.Debug|Any CPU.Build.0 = Debug|Any CPU
		{9E183FF0-0866-4C9D-A692-3E5EFE255C4E}.Release|Any CPU.ActiveCfg = Release|Any CPU
		{9E183FF0-0866-4C9D-A692-3E5EFE255C4E}.Release|Any CPU.Build.0 = Release|Any CPU
		{6CF9F903-6258-4FC9-8E00-A0729AA8C5E6}.Debug|Any CPU.ActiveCfg = Debug|Any CPU
		{6CF9F903-6258-4FC9-8E00-A0729AA8C5E6}.Debug|Any CPU.Build.0 = Debug|Any CPU
		{6CF9F903-6258-4FC9-8E00-A0729AA8C5E6}.Release|Any CPU.ActiveCfg = Release|Any CPU
		{6CF9F903-6258-4FC9-8E00-A0729AA8C5E6}.Release|Any CPU.Build.0 = Release|Any CPU
		{39143246-38E0-47E3-B2EF-16AFB0625D35}.Debug|Any CPU.ActiveCfg = Debug|Any CPU
		{39143246-38E0-47E3-B2EF-16AFB0625D35}.Debug|Any CPU.Build.0 = Debug|Any CPU
		{39143246-38E0-47E3-B2EF-16AFB0625D35}.Release|Any CPU.ActiveCfg = Release|Any CPU
		{39143246-38E0-47E3-B2EF-16AFB0625D35}.Release|Any CPU.Build.0 = Release|Any CPU
		{62CF5873-EC28-4F3D-AB29-776534F060EB}.Debug|Any CPU.ActiveCfg = Debug|Any CPU
		{62CF5873-EC28-4F3D-AB29-776534F060EB}.Debug|Any CPU.Build.0 = Debug|Any CPU
		{62CF5873-EC28-4F3D-AB29-776534F060EB}.Release|Any CPU.ActiveCfg = Release|Any CPU
		{62CF5873-EC28-4F3D-AB29-776534F060EB}.Release|Any CPU.Build.0 = Release|Any CPU
	EndGlobalSection
	GlobalSection(SolutionProperties) = preSolution
		HideSolutionNode = FALSE
	EndGlobalSection
	GlobalSection(NestedProjects) = preSolution
		{8547C9A9-35A3-4339-A1A5-7D5F7C611036} = {B6A24027-BBEF-4246-99FC-721EF90F19E7}
		{EF121AF2-90F8-45F3-AC57-A2B7EAAF4138} = {345408B3-9D8A-472C-A196-2A25DB42014F}
		{088B1A81-0A38-47E2-B061-574E716DC5D8} = {48D0C6D7-977A-48CB-B303-3BEDF7F6F966}
		{5EDB4310-AA37-4B29-9B1A-2EB6E5628DE8} = {5A0A2874-46B9-4141-BE91-13EFD7FAC40E}
		{0EFFD11C-D2F9-4930-8415-C386B143CE90} = {5EDB4310-AA37-4B29-9B1A-2EB6E5628DE8}
		{B63D3069-6995-4B78-BEDE-E648902B244F} = {5EDB4310-AA37-4B29-9B1A-2EB6E5628DE8}
		{DCB08252-081E-4961-92B0-C8E46F444AF7} = {5EDB4310-AA37-4B29-9B1A-2EB6E5628DE8}
		{0E424FDB-7AFF-4B43-9C42-56D06D96B811} = {5EDB4310-AA37-4B29-9B1A-2EB6E5628DE8}
		{9E183FF0-0866-4C9D-A692-3E5EFE255C4E} = {0EFFD11C-D2F9-4930-8415-C386B143CE90}
		{6CF9F903-6258-4FC9-8E00-A0729AA8C5E6} = {DCB08252-081E-4961-92B0-C8E46F444AF7}
		{39143246-38E0-47E3-B2EF-16AFB0625D35} = {0E424FDB-7AFF-4B43-9C42-56D06D96B811}
		{62CF5873-EC28-4F3D-AB29-776534F060EB} = {B63D3069-6995-4B78-BEDE-E648902B244F}
	EndGlobalSection
	GlobalSection(ExtensibilityGlobals) = postSolution
		SolutionGuid = {0B6E5568-4AF9-4CE5-B0F6-D5A679375C96}
	EndGlobalSection
EndGlobal
